
Microsoft Visual Studio Solution File, Format Version 12.00
# Visual Studio Version 16
VisualStudioVersion = 16.0.31129.286
MinimumVisualStudioVersion = 10.0.40219.1
Project("{9A19103F-16F7-4668-BE54-9A1E7A4F7556}") = "BestUzdNew.Api", "BestUzdNew.Api\BestUzdNew.Api.csproj", "{401967E4-AD51-4054-8C0A-04AF117AA9D3}"
EndProject
Project("{9A19103F-16F7-4668-BE54-9A1E7A4F7556}") = "BestUzdNew.Domain", "BestUzdNew.Domain\BestUzdNew.Domain.csproj", "{E26D61F0-FBC5-4C28-B64E-31A3F382588A}"
EndProject
Project("{9A19103F-16F7-4668-BE54-9A1E7A4F7556}") = "BestUzdNew.DataAccess", "BestUzdNew.DataAccess\BestUzdNew.DataAccess.csproj", "{2D001A71-4990-4287-8F9B-0143E6C36B6B}"
EndProject
Project("{FAE04EC0-301F-11D3-BF4B-00C04F79EFBC}") = "BestUzdNew.Logic", "BestUzdNew.Logic\BestUzdNew.Logic.csproj", "{FBA9AD59-0384-4FED-8EB7-D90C09E38BAF}"
EndProject
Global
	GlobalSection(SolutionConfigurationPlatforms) = preSolution
		Debug|Any CPU = Debug|Any CPU
		Release|Any CPU = Release|Any CPU
	EndGlobalSection
	GlobalSection(ProjectConfigurationPlatforms) = postSolution
		{401967E4-AD51-4054-8C0A-04AF117AA9D3}.Debug|Any CPU.ActiveCfg = Debug|Any CPU
		{401967E4-AD51-4054-8C0A-04AF117AA9D3}.Debug|Any CPU.Build.0 = Debug|Any CPU
		{401967E4-AD51-4054-8C0A-04AF117AA9D3}.Release|Any CPU.ActiveCfg = Release|Any CPU
		{401967E4-AD51-4054-8C0A-04AF117AA9D3}.Release|Any CPU.Build.0 = Release|Any CPU
		{E26D61F0-FBC5-4C28-B64E-31A3F382588A}.Debug|Any CPU.ActiveCfg = Debug|Any CPU
		{E26D61F0-FBC5-4C28-B64E-31A3F382588A}.Debug|Any CPU.Build.0 = Debug|Any CPU
		{E26D61F0-FBC5-4C28-B64E-31A3F382588A}.Release|Any CPU.ActiveCfg = Release|Any CPU
		{E26D61F0-FBC5-4C28-B64E-31A3F382588A}.Release|Any CPU.Build.0 = Release|Any CPU
		{2D001A71-4990-4287-8F9B-0143E6C36B6B}.Debug|Any CPU.ActiveCfg = Debug|Any CPU
		{2D001A71-4990-4287-8F9B-0143E6C36B6B}.Debug|Any CPU.Build.0 = Debug|Any CPU
		{2D001A71-4990-4287-8F9B-0143E6C36B6B}.Release|Any CPU.ActiveCfg = Release|Any CPU
		{2D001A71-4990-4287-8F9B-0143E6C36B6B}.Release|Any CPU.Build.0 = Release|Any CPU
		{FBA9AD59-0384-4FED-8EB7-D90C09E38BAF}.Debug|Any CPU.ActiveCfg = Debug|Any CPU
		{FBA9AD59-0384-4FED-8EB7-D90C09E38BAF}.Debug|Any CPU.Build.0 = Debug|Any CPU
		{FBA9AD59-0384-4FED-8EB7-D90C09E38BAF}.Release|Any CPU.ActiveCfg = Release|Any CPU
		{FBA9AD59-0384-4FED-8EB7-D90C09E38BAF}.Release|Any CPU.Build.0 = Release|Any CPU
	EndGlobalSection
	GlobalSection(SolutionProperties) = preSolution
		HideSolutionNode = FALSE
	EndGlobalSection
	GlobalSection(ExtensibilityGlobals) = postSolution
		SolutionGuid = {A83019AB-8B3F-4DAA-9C98-CB760C842B78}
	EndGlobalSection
EndGlobal
